{
    "name": "cextup",
    "version": "0.0.8",
    "lockfileVersion": 3,
    "requires": true,
    "packages": {
        "": {
            "name": "cextup",
            "version": "0.0.8",
            "license": "MIT",
            "bin": {
                "cextup": "bin/cextup.js"
            },
            "devDependencies": {
                "@types/bun": "^1.0.1",
                "@types/chrome": "^0.0.256",
                "@types/web": "^0.0.135",
                "typescript": "^5.3.3"
            }
        },
        "node_modules/@types/bun": {
            "version": "1.2.8",
            "resolved": "https://registry.npmjs.org/@types/bun/-/bun-1.2.8.tgz",
            "integrity": "sha512-t8L1RvJVUghW5V+M/fL3Thbxcs0HwNsXsnTEBEfEVqGteiJToOlZ/fyOEaR1kZsNqnu+3XA4RI/qmnX4w6+S+w==",
            "dev": true,
            "license": "MIT",
            "dependencies": {
                "bun-types": "1.2.7"
            }
        },
        "node_modules/@types/chrome": {
            "version": "0.0.256",
            "resolved": "https://registry.npmjs.org/@types/chrome/-/chrome-0.0.256.tgz",
            "integrity": "sha512-NleTQw4DNzhPwObLNuQ3i3nvX1rZ1mgnx5FNHc2KP+Cj1fgd3BrT5yQ6Xvs+7H0kNsYxCY+lxhiCwsqq3JwtEg==",
            "dev": true,
            "license": "MIT",
            "dependencies": {
                "@types/filesystem": "*",
                "@types/har-format": "*"
            }
        },
        "node_modules/@types/filesystem": {
            "version": "0.0.36",
            "resolved": "https://registry.npmjs.org/@types/filesystem/-/filesystem-0.0.36.tgz",
            "integrity": "sha512-vPDXOZuannb9FZdxgHnqSwAG/jvdGM8Wq+6N4D/d80z+D4HWH+bItqsZaVRQykAn6WEVeEkLm2oQigyHtgb0RA==",
            "dev": true,
            "license": "MIT",
            "dependencies": {
                "@types/filewriter": "*"
            }
        },
        "node_modules/@types/filewriter": {
            "version": "0.0.33",
            "resolved": "https://registry.npmjs.org/@types/filewriter/-/filewriter-0.0.33.tgz",
            "integrity": "sha512-xFU8ZXTw4gd358lb2jw25nxY9QAgqn2+bKKjKOYfNCzN4DKCFetK7sPtrlpg66Ywe3vWY9FNxprZawAh9wfJ3g==",
            "dev": true,
            "license": "MIT"
        },
        "node_modules/@types/har-format": {
            "version": "1.2.16",
            "resolved": "https://registry.npmjs.org/@types/har-format/-/har-format-1.2.16.tgz",
            "integrity": "sha512-fluxdy7ryD3MV6h8pTfTYpy/xQzCFC7m89nOH9y94cNqJ1mDIDPut7MnRHI3F6qRmh/cT2fUjG1MLdCNb4hE9A==",
            "dev": true,
            "license": "MIT"
        },
        "node_modules/@types/node": {
            "version": "22.13.14",
            "resolved": "https://registry.npmjs.org/@types/node/-/node-22.13.14.tgz",
            "integrity": "sha512-Zs/Ollc1SJ8nKUAgc7ivOEdIBM8JAKgrqqUYi2J997JuKO7/tpQC+WCetQ1sypiKCQWHdvdg9wBNpUPEWZae7w==",
            "dev": true,
            "license": "MIT",
            "dependencies": {
                "undici-types": "~6.20.0"
            }
        },
        "node_modules/@types/web": {
            "version": "0.0.135",
            "resolved": "https://registry.npmjs.org/@types/web/-/web-0.0.135.tgz",
            "integrity": "sha512-3fNGUqpXzakTUJ9FQVoplG+fpzVn1WhQRz3eIE7dTGY4uI8/ngi9KbAtaK4nrIUk8dAI0qYPMIvq2ydTLYbJyA==",
            "dev": true,
            "license": "Apache-2.0"
        },
        "node_modules/@types/ws": {
            "version": "8.18.0",
            "resolved": "https://registry.npmjs.org/@types/ws/-/ws-8.18.0.tgz",
            "integrity": "sha512-8svvI3hMyvN0kKCJMvTJP/x6Y/EoQbepff882wL+Sn5QsXb3etnamgrJq4isrBxSJj5L2AuXcI0+bgkoAXGUJw==",
            "dev": true,
            "license": "MIT",
            "dependencies": {
                "@types/node": "*"
            }
        },
        "node_modules/bun-types": {
            "version": "1.2.7",
            "resolved": "https://registry.npmjs.org/bun-types/-/bun-types-1.2.7.tgz",
            "integrity": "sha512-P4hHhk7kjF99acXqKvltyuMQ2kf/rzIw3ylEDpCxDS9Xa0X0Yp/gJu/vDCucmWpiur5qJ0lwB2bWzOXa2GlHqA==",
            "dev": true,
            "license": "MIT",
            "dependencies": {
                "@types/node": "*",
                "@types/ws": "*"
            }
        },
        "node_modules/typescript": {
            "version": "5.8.2",
            "resolved": "https://registry.npmjs.org/typescript/-/typescript-5.8.2.tgz",
            "integrity": "sha512-aJn6wq13/afZp/jT9QZmwEjDqqvSGp1VT5GVg+f/t6/oVyrgXM6BY1h9BRh/O5p3PlUPAe+WuiEZOmb/49RqoQ==",
            "dev": true,
            "license": "Apache-2.0",
            "bin": {
                "tsc": "bin/tsc",
                "tsserver": "bin/tsserver"
            },
            "engines": {
                "node": ">=14.17"
            }
        },
        "node_modules/undici-types": {
            "version": "6.20.0",
            "resolved": "https://registry.npmjs.org/undici-types/-/undici-types-6.20.0.tgz",
            "integrity": "sha512-Ny6QZ2Nju20vw1SRHe3d9jVu6gJ+4e3+MMpqu7pqE5HT6WsTSlce++GQmK5UXS8mzV8DSYHrQH+Xrf2jVcuKNg==",
            "dev": true,
            "license": "MIT"
        }
    }
}
